<?xml version="1.0" encoding="utf-8"?>
<Project ToolsVersion="4.0" xmlns="http://schemas.microsoft.com/developer/msbuild/2003">
  <ItemGroup>
    <Filter Include="Source Files">
      <UniqueIdentifier>{4FC737F1-C7A5-4376-A066-2A32D752A2FF}</UniqueIdentifier>
      <Extensions>cpp;c;cc;cxx;def;odl;idl;hpj;bat;asm;asmx</Extensions>
    </Filter>
    <Filter Include="Header Files">
      <UniqueIdentifier>{93995380-89BD-4b04-88EB-625FBE52EBFB}</UniqueIdentifier>
      <Extensions>h;hpp;hxx;hm;inl;inc;xsd</Extensions>
    </Filter>
    <Filter Include="msg">
      <UniqueIdentifier>{5c279b78-9ec8-49f5-8053-c44ce780b35b}</UniqueIdentifier>
    </Filter>
    <Filter Include="ServerBase">
      <UniqueIdentifier>{93beb05b-cce4-4107-b23b-86369e8d173f}</UniqueIdentifier>
    </Filter>
  </ItemGroup>
  <ItemGroup>
    <ClCompile Include="Main.cpp">
      <Filter>Source Files</Filter>
    </ClCompile>
    <ClCompile Include="GateClient.h">
      <Filter>Header Files</Filter>
    </ClCompile>
    <ClCompile Include="..\ServerBase\Client.cpp">
      <Filter>ServerBase</Filter>
    </ClCompile>
    <ClCompile Include="..\ServerBase\RpcClient.cpp">
      <Filter>ServerBase</Filter>
    </ClCompile>
    <ClCompile Include="..\ServerBase\ServerManager.cpp">
      <Filter>ServerBase</Filter>
    </ClCompile>
    <ClCompile Include="GateClient.cpp">
      <Filter>Source Files</Filter>
    </ClCompile>
    <ClCompile Include="GateRpcClient.cpp">
      <Filter>Source Files</Filter>
    </ClCompile>
    <ClCompile Include="..\ServerBase\MySqlManager.cpp">
      <Filter>ServerBase</Filter>
    </ClCompile>
    <ClCompile Include="..\..\protomsg\msg\center.pb.cc">
      <Filter>msg</Filter>
    </ClCompile>
    <ClCompile Include="..\..\protomsg\msg\client.pb.cc">
      <Filter>msg</Filter>
    </ClCompile>
    <ClCompile Include="..\..\protomsg\msg\common.pb.cc">
      <Filter>msg</Filter>
    </ClCompile>
    <ClCompile Include="..\..\protomsg\msg\errno.pb.cc">
      <Filter>msg</Filter>
    </ClCompile>
    <ClCompile Include="..\..\protomsg\msg\gamemanager.pb.cc">
      <Filter>msg</Filter>
    </ClCompile>
    <ClCompile Include="..\..\protomsg\msg\gate.pb.cc">
      <Filter>msg</Filter>
    </ClCompile>
    <ClCompile Include="..\..\protomsg\msg\group.pb.cc">
      <Filter>msg</Filter>
    </ClCompile>
    <ClCompile Include="..\..\protomsg\msg\login.pb.cc">
      <Filter>msg</Filter>
    </ClCompile>
    <ClCompile Include="..\..\protomsg\msg\msgid.pb.cc">
      <Filter>msg</Filter>
    </ClCompile>
    <ClCompile Include="..\..\protomsg\msg\public.pb.cc">
      <Filter>msg</Filter>
    </ClCompile>
    <ClCompile Include="..\..\protomsg\msg\tetris.pb.cc">
      <Filter>msg</Filter>
    </ClCompile>
  </ItemGroup>
  <ItemGroup>
    <ClInclude Include="..\ServerBase\Client.h">
      <Filter>ServerBase</Filter>
    </ClInclude>
    <ClInclude Include="..\ServerBase\Log4cxxCreater.h">
      <Filter>ServerBase</Filter>
    </ClInclude>
    <ClInclude Include="..\ServerBase\RpcClient.h">
      <Filter>ServerBase</Filter>
    </ClInclude>
    <ClInclude Include="..\ServerBase\Server.h">
      <Filter>ServerBase</Filter>
    </ClInclude>
    <ClInclude Include="..\ServerBase\ServerConfig.h">
      <Filter>ServerBase</Filter>
    </ClInclude>
    <ClInclude Include="..\ServerBase\ServerManager.h">
      <Filter>ServerBase</Filter>
    </ClInclude>
    <ClInclude Include="GateRpcClient.h">
      <Filter>Header Files</Filter>
    </ClInclude>
    <ClInclude Include="..\ServerBase\MySqlManager.h">
      <Filter>ServerBase</Filter>
    </ClInclude>
    <ClInclude Include="..\..\protomsg\msg\center.pb.h">
      <Filter>msg</Filter>
    </ClInclude>
    <ClInclude Include="..\..\protomsg\msg\client.pb.h">
      <Filter>msg</Filter>
    </ClInclude>
    <ClInclude Include="..\..\protomsg\msg\common.pb.h">
      <Filter>msg</Filter>
    </ClInclude>
    <ClInclude Include="..\..\protomsg\msg\errno.pb.h">
      <Filter>msg</Filter>
    </ClInclude>
    <ClInclude Include="..\..\protomsg\msg\gamemanager.pb.h">
      <Filter>msg</Filter>
    </ClInclude>
    <ClInclude Include="..\..\protomsg\msg\gate.pb.h">
      <Filter>msg</Filter>
    </ClInclude>
    <ClInclude Include="..\..\protomsg\msg\group.pb.h">
      <Filter>msg</Filter>
    </ClInclude>
    <ClInclude Include="..\..\protomsg\msg\login.pb.h">
      <Filter>msg</Filter>
    </ClInclude>
    <ClInclude Include="..\..\protomsg\msg\msgid.pb.h">
      <Filter>msg</Filter>
    </ClInclude>
    <ClInclude Include="..\..\protomsg\msg\public.pb.h">
      <Filter>msg</Filter>
    </ClInclude>
    <ClInclude Include="..\..\protomsg\msg\tetris.pb.h">
      <Filter>msg</Filter>
    </ClInclude>
  </ItemGroup>
</Project>