<?xml version="1.0" encoding="utf-8"?>
<Project ToolsVersion="4.0" xmlns="http://schemas.microsoft.com/developer/msbuild/2003">
  <ItemGroup>
    <Filter Include="source">
      <UniqueIdentifier>{a940a5ea-09c8-4528-af05-be822893bbdf}</UniqueIdentifier>
      <Extensions>cpp;c;cxx;def;odl;idl;hpj;bat;asm</Extensions>
    </Filter>
    <Filter Include="include">
      <UniqueIdentifier>{64f07b46-3359-4c30-a415-14f3588942e6}</UniqueIdentifier>
      <Extensions>h;hpp;hxx;hm;inl;inc</Extensions>
    </Filter>
    <Filter Include="resource">
      <UniqueIdentifier>{3df1d5c6-233c-4e1e-9d65-0b8b6b5103ad}</UniqueIdentifier>
      <Extensions>rc;ico;cur;bmp;dlg;rc2;rct;bin;rgs;jpg;jpeg;jpe;png;manifest</Extensions>
    </Filter>
    <Filter Include="scene">
      <UniqueIdentifier>{c1131b79-9109-4278-ab6f-7e6c69b690c7}</UniqueIdentifier>
    </Filter>
    <Filter Include="res">
      <UniqueIdentifier>{5d783428-fc1b-459a-805d-b74df2953015}</UniqueIdentifier>
    </Filter>
    <Filter Include="net">
      <UniqueIdentifier>{ab5dc80c-d66f-4a19-b93b-e098913fa635}</UniqueIdentifier>
    </Filter>
    <Filter Include="user">
      <UniqueIdentifier>{3adcb9cb-a8d6-491c-9dc4-70227b3dfd76}</UniqueIdentifier>
    </Filter>
    <Filter Include="view">
      <UniqueIdentifier>{5081631b-15c1-46f0-a50e-a40bd69036e7}</UniqueIdentifier>
    </Filter>
  </ItemGroup>
  <ItemGroup>
    <Image Include="res\GroupGame.ico">
      <Filter>resource</Filter>
    </Image>
  </ItemGroup>
  <ItemGroup>
    <ResourceCompile Include="GroupGame.rc">
      <Filter>resource</Filter>
    </ResourceCompile>
  </ItemGroup>
  <ItemGroup>
    <ClInclude Include="resource.h">
      <Filter>include</Filter>
    </ClInclude>
    <ClInclude Include="main.h">
      <Filter>include</Filter>
    </ClInclude>
    <ClInclude Include="..\Classes\AppDelegate.h">
      <Filter>include</Filter>
    </ClInclude>
    <ClInclude Include="..\Classes\CommDef.h">
      <Filter>include</Filter>
    </ClInclude>
    <ClInclude Include="..\Classes\LoginScene.h">
      <Filter>scene</Filter>
    </ClInclude>
    <ClInclude Include="..\Classes\MainScene.h">
      <Filter>scene</Filter>
    </ClInclude>
    <ClInclude Include="..\Classes\ResManager.h">
      <Filter>res</Filter>
    </ClInclude>
    <ClInclude Include="..\Classes\NetManager.h">
      <Filter>net</Filter>
    </ClInclude>
    <ClInclude Include="..\Classes\MyMenuItemImage.h">
      <Filter>view</Filter>
    </ClInclude>
    <ClInclude Include="..\Classes\MyEditBox.h">
      <Filter>view</Filter>
    </ClInclude>
    <ClInclude Include="..\Classes\UserManager.h">
      <Filter>user</Filter>
    </ClInclude>
    <ClInclude Include="..\Classes\MyLoadingItem.h">
      <Filter>view</Filter>
    </ClInclude>
    <ClInclude Include="..\Classes\MyTableView.h">
      <Filter>view</Filter>
    </ClInclude>
    <ClInclude Include="..\Classes\utils.h">
      <Filter>include</Filter>
    </ClInclude>
    <ClInclude Include="..\Classes\MyRadioButton.h">
      <Filter>view</Filter>
    </ClInclude>
    <ClInclude Include="..\Classes\ChatTableView.h">
      <Filter>view</Filter>
    </ClInclude>
  </ItemGroup>
  <ItemGroup>
    <ClCompile Include="main.cpp">
      <Filter>source</Filter>
    </ClCompile>
    <ClCompile Include="..\Classes\AppDelegate.cpp">
      <Filter>source</Filter>
    </ClCompile>
    <ClCompile Include="..\Classes\LoginScene.cpp">
      <Filter>scene</Filter>
    </ClCompile>
    <ClCompile Include="..\Classes\MainScene.cpp">
      <Filter>scene</Filter>
    </ClCompile>
    <ClCompile Include="..\Classes\ResManager.cpp">
      <Filter>res</Filter>
    </ClCompile>
    <ClCompile Include="..\Classes\NetManager.cpp">
      <Filter>net</Filter>
    </ClCompile>
    <ClCompile Include="..\Classes\MyMenuItemImage.cpp">
      <Filter>view</Filter>
    </ClCompile>
    <ClCompile Include="..\Classes\MyEditBox.cpp">
      <Filter>view</Filter>
    </ClCompile>
    <ClCompile Include="..\Classes\UserManager.cpp">
      <Filter>user</Filter>
    </ClCompile>
    <ClCompile Include="..\Classes\MyLoadingItem.cpp">
      <Filter>view</Filter>
    </ClCompile>
    <ClCompile Include="..\Classes\MyTableView.cpp">
      <Filter>view</Filter>
    </ClCompile>
    <ClCompile Include="..\Classes\utils.cpp">
      <Filter>source</Filter>
    </ClCompile>
    <ClCompile Include="..\Classes\MyRadioButton.cpp">
      <Filter>view</Filter>
    </ClCompile>
    <ClCompile Include="..\Classes\ChatTableView.cpp">
      <Filter>view</Filter>
    </ClCompile>
  </ItemGroup>
</Project>