<?xml version="1.0" encoding="utf-8"?>
<Project ToolsVersion="4.0" xmlns="http://schemas.microsoft.com/developer/msbuild/2003">
  <ItemGroup>
    <Filter Include="source">
      <UniqueIdentifier>{a940a5ea-09c8-4528-af05-be822893bbdf}</UniqueIdentifier>
      <Extensions>cpp;c;cxx;def;odl;idl;hpj;bat;asm</Extensions>
    </Filter>
    <Filter Include="include">
      <UniqueIdentifier>{64f07b46-3359-4c30-a415-14f3588942e6}</UniqueIdentifier>
      <Extensions>h;hpp;hxx;hm;inl;inc</Extensions>
    </Filter>
    <Filter Include="resource">
      <UniqueIdentifier>{3df1d5c6-233c-4e1e-9d65-0b8b6b5103ad}</UniqueIdentifier>
      <Extensions>rc;ico;cur;bmp;dlg;rc2;rct;bin;rgs;jpg;jpeg;jpe;png;manifest</Extensions>
    </Filter>
    <Filter Include="scene">
      <UniqueIdentifier>{c1131b79-9109-4278-ab6f-7e6c69b690c7}</UniqueIdentifier>
    </Filter>
    <Filter Include="res">
      <UniqueIdentifier>{5d783428-fc1b-459a-805d-b74df2953015}</UniqueIdentifier>
    </Filter>
    <Filter Include="net">
      <UniqueIdentifier>{ab5dc80c-d66f-4a19-b93b-e098913fa635}</UniqueIdentifier>
    </Filter>
    <Filter Include="user">
      <UniqueIdentifier>{3adcb9cb-a8d6-491c-9dc4-70227b3dfd76}</UniqueIdentifier>
    </Filter>
    <Filter Include="view">
      <UniqueIdentifier>{5081631b-15c1-46f0-a50e-a40bd69036e7}</UniqueIdentifier>
    </Filter>
    <Filter Include="netlib">
      <UniqueIdentifier>{426455e7-833e-45a8-a51a-d7486d9aba90}</UniqueIdentifier>
    </Filter>
    <Filter Include="protomsg">
      <UniqueIdentifier>{094a1411-8713-41da-99ac-0f3d6191f358}</UniqueIdentifier>
    </Filter>
    <Filter Include="gamemsg">
      <UniqueIdentifier>{24c4839f-2258-403f-85b3-41c272a5e5f1}</UniqueIdentifier>
    </Filter>
  </ItemGroup>
  <ItemGroup>
    <Image Include="res\GroupGame.ico">
      <Filter>resource</Filter>
    </Image>
  </ItemGroup>
  <ItemGroup>
    <ResourceCompile Include="GroupGame.rc">
      <Filter>resource</Filter>
    </ResourceCompile>
  </ItemGroup>
  <ItemGroup>
    <ClInclude Include="resource.h">
      <Filter>include</Filter>
    </ClInclude>
    <ClInclude Include="main.h">
      <Filter>include</Filter>
    </ClInclude>
    <ClInclude Include="..\Classes\AppDelegate.h">
      <Filter>include</Filter>
    </ClInclude>
    <ClInclude Include="..\Classes\CommDef.h">
      <Filter>include</Filter>
    </ClInclude>
    <ClInclude Include="..\Classes\utils.h">
      <Filter>include</Filter>
    </ClInclude>
    <ClInclude Include="..\..\..\..\protomsg\msg\center.pb.h">
      <Filter>protomsg</Filter>
    </ClInclude>
    <ClInclude Include="..\..\..\..\protomsg\msg\client.pb.h">
      <Filter>protomsg</Filter>
    </ClInclude>
    <ClInclude Include="..\..\..\..\protomsg\msg\common.pb.h">
      <Filter>protomsg</Filter>
    </ClInclude>
    <ClInclude Include="..\..\..\..\protomsg\msg\errno.pb.h">
      <Filter>protomsg</Filter>
    </ClInclude>
    <ClInclude Include="..\..\..\..\protomsg\msg\gamemanager.pb.h">
      <Filter>protomsg</Filter>
    </ClInclude>
    <ClInclude Include="..\..\..\..\protomsg\msg\gate.pb.h">
      <Filter>protomsg</Filter>
    </ClInclude>
    <ClInclude Include="..\..\..\..\protomsg\msg\group.pb.h">
      <Filter>protomsg</Filter>
    </ClInclude>
    <ClInclude Include="..\..\..\..\protomsg\msg\login.pb.h">
      <Filter>protomsg</Filter>
    </ClInclude>
    <ClInclude Include="..\..\..\..\protomsg\msg\msgid.pb.h">
      <Filter>protomsg</Filter>
    </ClInclude>
    <ClInclude Include="..\..\..\..\protomsg\msg\public.pb.h">
      <Filter>protomsg</Filter>
    </ClInclude>
    <ClInclude Include="..\..\..\..\protomsg\msg\tetris.pb.h">
      <Filter>protomsg</Filter>
    </ClInclude>
    <ClInclude Include="..\..\..\..\sglib\ClientLib.h">
      <Filter>netlib</Filter>
    </ClInclude>
    <ClInclude Include="..\..\..\..\sglib\Define.h">
      <Filter>netlib</Filter>
    </ClInclude>
    <ClInclude Include="..\..\..\..\sglib\Event.h">
      <Filter>netlib</Filter>
    </ClInclude>
    <ClInclude Include="..\..\..\..\sglib\Lock.h">
      <Filter>netlib</Filter>
    </ClInclude>
    <ClInclude Include="..\..\..\..\sglib\Thread.h">
      <Filter>netlib</Filter>
    </ClInclude>
    <ClInclude Include="..\..\..\..\sglib\Timer.h">
      <Filter>netlib</Filter>
    </ClInclude>
    <ClInclude Include="..\..\..\..\sglib\StackTrace.h">
      <Filter>netlib</Filter>
    </ClInclude>
    <ClInclude Include="..\..\..\..\sglib\Log.h">
      <Filter>netlib</Filter>
    </ClInclude>
    <ClInclude Include="..\Classes\gamemsg\MsgBase.h">
      <Filter>gamemsg</Filter>
    </ClInclude>
    <ClInclude Include="..\Classes\net\GameClient.h">
      <Filter>net</Filter>
    </ClInclude>
    <ClInclude Include="..\Classes\net\GroupClient.h">
      <Filter>net</Filter>
    </ClInclude>
    <ClInclude Include="..\Classes\net\LoginClient.h">
      <Filter>net</Filter>
    </ClInclude>
    <ClInclude Include="..\Classes\net\NetManager.h">
      <Filter>net</Filter>
    </ClInclude>
    <ClInclude Include="..\Classes\res\ResManager.h">
      <Filter>res</Filter>
    </ClInclude>
    <ClInclude Include="..\Classes\scene\LoginScene.h">
      <Filter>scene</Filter>
    </ClInclude>
    <ClInclude Include="..\Classes\scene\MainScene.h">
      <Filter>scene</Filter>
    </ClInclude>
    <ClInclude Include="..\Classes\user\Basic.h">
      <Filter>user</Filter>
    </ClInclude>
    <ClInclude Include="..\Classes\user\UserManager.h">
      <Filter>user</Filter>
    </ClInclude>
    <ClInclude Include="..\Classes\user\ViewData.h">
      <Filter>user</Filter>
    </ClInclude>
    <ClInclude Include="..\Classes\view\ChatTableView.h">
      <Filter>view</Filter>
    </ClInclude>
    <ClInclude Include="..\Classes\view\MemberListPopLayer.h">
      <Filter>view</Filter>
    </ClInclude>
    <ClInclude Include="..\Classes\view\MyEditBox.h">
      <Filter>view</Filter>
    </ClInclude>
    <ClInclude Include="..\Classes\view\MyLoadingItem.h">
      <Filter>view</Filter>
    </ClInclude>
    <ClInclude Include="..\Classes\view\MyMenuItemImage.h">
      <Filter>view</Filter>
    </ClInclude>
    <ClInclude Include="..\Classes\view\MyRadioButton.h">
      <Filter>view</Filter>
    </ClInclude>
    <ClInclude Include="..\Classes\view\MyTableView.h">
      <Filter>view</Filter>
    </ClInclude>
    <ClInclude Include="..\Classes\view\PopLayerBase.h">
      <Filter>view</Filter>
    </ClInclude>
    <ClInclude Include="..\Classes\scene\SceneManager.h">
      <Filter>scene</Filter>
    </ClInclude>
    <ClInclude Include="..\Classes\scene\ViewBase.h">
      <Filter>scene</Filter>
    </ClInclude>
    <ClInclude Include="..\Classes\net\ProtoClientBase.h">
      <Filter>net</Filter>
    </ClInclude>
    <ClInclude Include="..\Classes\user\GameInfo.h">
      <Filter>user</Filter>
    </ClInclude>
    <ClInclude Include="..\Classes\gamemsg\MsgGroupModule.h">
      <Filter>gamemsg</Filter>
    </ClInclude>
    <ClInclude Include="..\Classes\gamemsg\MsgLoginModule.h">
      <Filter>gamemsg</Filter>
    </ClInclude>
    <ClInclude Include="..\Classes\user\Group.h">
      <Filter>user</Filter>
    </ClInclude>
    <ClInclude Include="..\Classes\user\GroupManager.h">
      <Filter>user</Filter>
    </ClInclude>
    <ClInclude Include="..\Classes\user\GroupMember.h">
      <Filter>user</Filter>
    </ClInclude>
    <ClInclude Include="..\Classes\view\RegisterPopLayer.h">
      <Filter>view</Filter>
    </ClInclude>
    <ClInclude Include="..\Classes\net\RegisterClient.h">
      <Filter>net</Filter>
    </ClInclude>
    <ClInclude Include="..\Classes\view\CreateGroupPopLayer.h">
      <Filter>view</Filter>
    </ClInclude>
    <ClInclude Include="..\Classes\view\InviteMemberPopLayer.h">
      <Filter>view</Filter>
    </ClInclude>
    <ClInclude Include="..\Classes\view\AskJoinGroupPopLayer.h">
      <Filter>view</Filter>
    </ClInclude>
    <ClInclude Include="..\Classes\view\ChatTableViewData.h">
      <Filter>view</Filter>
    </ClInclude>
  </ItemGroup>
  <ItemGroup>
    <ClCompile Include="main.cpp">
      <Filter>source</Filter>
    </ClCompile>
    <ClCompile Include="..\Classes\AppDelegate.cpp">
      <Filter>source</Filter>
    </ClCompile>
    <ClCompile Include="..\Classes\utils.cpp">
      <Filter>source</Filter>
    </ClCompile>
    <ClCompile Include="..\..\..\..\protomsg\msg\center.pb.cc">
      <Filter>protomsg</Filter>
    </ClCompile>
    <ClCompile Include="..\..\..\..\protomsg\msg\client.pb.cc">
      <Filter>protomsg</Filter>
    </ClCompile>
    <ClCompile Include="..\..\..\..\protomsg\msg\common.pb.cc">
      <Filter>protomsg</Filter>
    </ClCompile>
    <ClCompile Include="..\..\..\..\protomsg\msg\errno.pb.cc">
      <Filter>protomsg</Filter>
    </ClCompile>
    <ClCompile Include="..\..\..\..\protomsg\msg\gamemanager.pb.cc">
      <Filter>protomsg</Filter>
    </ClCompile>
    <ClCompile Include="..\..\..\..\protomsg\msg\gate.pb.cc">
      <Filter>protomsg</Filter>
    </ClCompile>
    <ClCompile Include="..\..\..\..\protomsg\msg\group.pb.cc">
      <Filter>protomsg</Filter>
    </ClCompile>
    <ClCompile Include="..\..\..\..\protomsg\msg\login.pb.cc">
      <Filter>protomsg</Filter>
    </ClCompile>
    <ClCompile Include="..\..\..\..\protomsg\msg\msgid.pb.cc">
      <Filter>protomsg</Filter>
    </ClCompile>
    <ClCompile Include="..\..\..\..\protomsg\msg\public.pb.cc">
      <Filter>protomsg</Filter>
    </ClCompile>
    <ClCompile Include="..\..\..\..\protomsg\msg\tetris.pb.cc">
      <Filter>protomsg</Filter>
    </ClCompile>
    <ClCompile Include="..\..\..\..\sglib\Event.cpp">
      <Filter>netlib</Filter>
    </ClCompile>
    <ClCompile Include="..\..\..\..\sglib\Lock.cpp">
      <Filter>netlib</Filter>
    </ClCompile>
    <ClCompile Include="..\..\..\..\sglib\Thread.cpp">
      <Filter>netlib</Filter>
    </ClCompile>
    <ClCompile Include="..\..\..\..\sglib\StackTrace.cpp">
      <Filter>netlib</Filter>
    </ClCompile>
    <ClCompile Include="..\..\..\..\sglib\Log.cpp">
      <Filter>netlib</Filter>
    </ClCompile>
    <ClCompile Include="..\Classes\net\GameClient.cpp">
      <Filter>net</Filter>
    </ClCompile>
    <ClCompile Include="..\Classes\net\GroupClient.cpp">
      <Filter>net</Filter>
    </ClCompile>
    <ClCompile Include="..\Classes\net\LoginClient.cpp">
      <Filter>net</Filter>
    </ClCompile>
    <ClCompile Include="..\Classes\net\NetManager.cpp">
      <Filter>net</Filter>
    </ClCompile>
    <ClCompile Include="..\Classes\res\ResManager.cpp">
      <Filter>res</Filter>
    </ClCompile>
    <ClCompile Include="..\Classes\scene\LoginScene.cpp">
      <Filter>scene</Filter>
    </ClCompile>
    <ClCompile Include="..\Classes\scene\MainScene.cpp">
      <Filter>scene</Filter>
    </ClCompile>
    <ClCompile Include="..\Classes\user\Basic.cpp">
      <Filter>user</Filter>
    </ClCompile>
    <ClCompile Include="..\Classes\user\UserManager.cpp">
      <Filter>user</Filter>
    </ClCompile>
    <ClCompile Include="..\Classes\user\ViewData.cpp">
      <Filter>user</Filter>
    </ClCompile>
    <ClCompile Include="..\Classes\view\ChatTableView.cpp">
      <Filter>view</Filter>
    </ClCompile>
    <ClCompile Include="..\Classes\view\MemberListPopLayer.cpp">
      <Filter>view</Filter>
    </ClCompile>
    <ClCompile Include="..\Classes\view\MyEditBox.cpp">
      <Filter>view</Filter>
    </ClCompile>
    <ClCompile Include="..\Classes\view\MyLoadingItem.cpp">
      <Filter>view</Filter>
    </ClCompile>
    <ClCompile Include="..\Classes\view\MyMenuItemImage.cpp">
      <Filter>view</Filter>
    </ClCompile>
    <ClCompile Include="..\Classes\view\MyRadioButton.cpp">
      <Filter>view</Filter>
    </ClCompile>
    <ClCompile Include="..\Classes\view\MyTableView.cpp">
      <Filter>view</Filter>
    </ClCompile>
    <ClCompile Include="..\Classes\view\PopLayerBase.cpp">
      <Filter>view</Filter>
    </ClCompile>
    <ClCompile Include="..\Classes\scene\SceneManager.cpp">
      <Filter>scene</Filter>
    </ClCompile>
    <ClCompile Include="..\Classes\net\ProtoClientBase.cpp">
      <Filter>net</Filter>
    </ClCompile>
    <ClCompile Include="..\Classes\user\GameInfo.cpp">
      <Filter>user</Filter>
    </ClCompile>
    <ClCompile Include="..\Classes\gamemsg\MsgGroupModule.cpp">
      <Filter>gamemsg</Filter>
    </ClCompile>
    <ClCompile Include="..\Classes\gamemsg\MsgLoginModule.cpp">
      <Filter>gamemsg</Filter>
    </ClCompile>
    <ClCompile Include="..\Classes\user\Group.cpp">
      <Filter>user</Filter>
    </ClCompile>
    <ClCompile Include="..\Classes\user\GroupManager.cpp">
      <Filter>user</Filter>
    </ClCompile>
    <ClCompile Include="..\Classes\user\GroupMember.cpp">
      <Filter>user</Filter>
    </ClCompile>
    <ClCompile Include="..\Classes\view\RegisterPopLayer.cpp">
      <Filter>view</Filter>
    </ClCompile>
    <ClCompile Include="..\Classes\net\RegisterClient.cpp">
      <Filter>net</Filter>
    </ClCompile>
    <ClCompile Include="..\Classes\view\CreateGroupPopLayer.cpp">
      <Filter>view</Filter>
    </ClCompile>
    <ClCompile Include="..\Classes\view\InviteMemberPopLayer.cpp">
      <Filter>view</Filter>
    </ClCompile>
    <ClCompile Include="..\Classes\view\AskJoinGroupPopLayer.cpp">
      <Filter>view</Filter>
    </ClCompile>
  </ItemGroup>
</Project>