<?xml version="1.0" encoding="utf-8"?>
<Project ToolsVersion="4.0" xmlns="http://schemas.microsoft.com/developer/msbuild/2003">
  <ItemGroup>
    <Filter Include="Source Files">
      <UniqueIdentifier>{4FC737F1-C7A5-4376-A066-2A32D752A2FF}</UniqueIdentifier>
      <Extensions>cpp;c;cc;cxx;def;odl;idl;hpj;bat;asm;asmx</Extensions>
    </Filter>
    <Filter Include="Header Files">
      <UniqueIdentifier>{93995380-89BD-4b04-88EB-625FBE52EBFB}</UniqueIdentifier>
      <Extensions>h;hpp;hxx;hm;inl;inc;xsd</Extensions>
    </Filter>
    <Filter Include="Resource Files">
      <UniqueIdentifier>{67DA6AB6-F800-4c08-8B7A-83BB121AAD01}</UniqueIdentifier>
      <Extensions>rc;ico;cur;bmp;dlg;rc2;rct;bin;rgs;gif;jpg;jpeg;jpe;resx;tiff;tif;png;wav</Extensions>
    </Filter>
  </ItemGroup>
  <ItemGroup>
    <ClCompile Include="CycleBuffer.cpp">
      <Filter>Source Files</Filter>
    </ClCompile>
    <ClCompile Include="Event.cpp">
      <Filter>Source Files</Filter>
    </ClCompile>
    <ClCompile Include="Executor.cpp">
      <Filter>Source Files</Filter>
    </ClCompile>
    <ClCompile Include="IoSocketBase.cpp">
      <Filter>Source Files</Filter>
    </ClCompile>
    <ClCompile Include="Lock.cpp">
      <Filter>Source Files</Filter>
    </ClCompile>
    <ClCompile Include="Log.cpp">
      <Filter>Source Files</Filter>
    </ClCompile>
    <ClCompile Include="MySqlDBQuery.cpp">
      <Filter>Source Files</Filter>
    </ClCompile>
    <ClCompile Include="StackTrace.cpp">
      <Filter>Source Files</Filter>
    </ClCompile>
    <ClCompile Include="Thread.cpp">
      <Filter>Source Files</Filter>
    </ClCompile>
    <ClCompile Include="IoSocketManager.cpp">
      <Filter>Source Files</Filter>
    </ClCompile>
    <ClCompile Include="EventDispatch.cpp">
      <Filter>Source Files</Filter>
    </ClCompile>
    <ClCompile Include="AccepterEx.cpp">
      <Filter>Source Files</Filter>
    </ClCompile>
    <ClCompile Include="IoServiceEx.cpp">
      <Filter>Source Files</Filter>
    </ClCompile>
    <ClCompile Include="IoServiceExPool.cpp">
      <Filter>Source Files</Filter>
    </ClCompile>
    <ClCompile Include="IoSocketEx.cpp">
      <Filter>Source Files</Filter>
    </ClCompile>
    <ClCompile Include="IoSocketExManager.cpp">
      <Filter>Source Files</Filter>
    </ClCompile>
    <ClCompile Include="EventWorkerEx.cpp">
      <Filter>Source Files</Filter>
    </ClCompile>
    <ClCompile Include="EventWorkerExPool.cpp">
      <Filter>Source Files</Filter>
    </ClCompile>
    <ClCompile Include="ConnectorEx.cpp">
      <Filter>Source Files</Filter>
    </ClCompile>
    <ClCompile Include="IoAdvSocketEx.cpp">
      <Filter>Source Files</Filter>
    </ClCompile>
    <ClCompile Include="Config.cpp">
      <Filter>Source Files</Filter>
    </ClCompile>
    <ClCompile Include="OverlappedPoolEx.cpp">
      <Filter>Source Files</Filter>
    </ClCompile>
  </ItemGroup>
  <ItemGroup>
    <ClInclude Include="BufferPool.h">
      <Filter>Header Files</Filter>
    </ClInclude>
    <ClInclude Include="Config.h">
      <Filter>Header Files</Filter>
    </ClInclude>
    <ClInclude Include="cyclebuffer.h">
      <Filter>Header Files</Filter>
    </ClInclude>
    <ClInclude Include="DBCallbackFunctor.h">
      <Filter>Header Files</Filter>
    </ClInclude>
    <ClInclude Include="DBPool.h">
      <Filter>Header Files</Filter>
    </ClInclude>
    <ClInclude Include="DBQuery.h">
      <Filter>Header Files</Filter>
    </ClInclude>
    <ClInclude Include="Define.h">
      <Filter>Header Files</Filter>
    </ClInclude>
    <ClInclude Include="ErrDef.h">
      <Filter>Header Files</Filter>
    </ClInclude>
    <ClInclude Include="event.h">
      <Filter>Header Files</Filter>
    </ClInclude>
    <ClInclude Include="executor.h">
      <Filter>Header Files</Filter>
    </ClInclude>
    <ClInclude Include="ioservice.h">
      <Filter>Header Files</Filter>
    </ClInclude>
    <ClInclude Include="iosocketbase.h">
      <Filter>Header Files</Filter>
    </ClInclude>
    <ClInclude Include="list.h">
      <Filter>Header Files</Filter>
    </ClInclude>
    <ClInclude Include="ListBase.h">
      <Filter>Header Files</Filter>
    </ClInclude>
    <ClInclude Include="lock.h">
      <Filter>Header Files</Filter>
    </ClInclude>
    <ClInclude Include="log.h">
      <Filter>Header Files</Filter>
    </ClInclude>
    <ClInclude Include="MySqlDBQuery.h">
      <Filter>Header Files</Filter>
    </ClInclude>
    <ClInclude Include="NonCopyable.h">
      <Filter>Header Files</Filter>
    </ClInclude>
    <ClInclude Include="queue.h">
      <Filter>Header Files</Filter>
    </ClInclude>
    <ClInclude Include="runnable.h">
      <Filter>Header Files</Filter>
    </ClInclude>
    <ClInclude Include="setupsocket.h">
      <Filter>Header Files</Filter>
    </ClInclude>
    <ClInclude Include="stacktrace.h">
      <Filter>Header Files</Filter>
    </ClInclude>
    <ClInclude Include="Thread.h">
      <Filter>Header Files</Filter>
    </ClInclude>
    <ClInclude Include="timer.h">
      <Filter>Header Files</Filter>
    </ClInclude>
    <ClInclude Include="IoSocketManager.h">
      <Filter>Header Files</Filter>
    </ClInclude>
    <ClInclude Include="EventDispatch.h">
      <Filter>Header Files</Filter>
    </ClInclude>
    <ClInclude Include="ClientLib.h">
      <Filter>Header Files</Filter>
    </ClInclude>
    <ClInclude Include="globalcfg.h">
      <Filter>Header Files</Filter>
    </ClInclude>
    <ClInclude Include="AccepterEx.h">
      <Filter>Header Files</Filter>
    </ClInclude>
    <ClInclude Include="IoObjectEx.h">
      <Filter>Header Files</Filter>
    </ClInclude>
    <ClInclude Include="IoServiceEx.h">
      <Filter>Header Files</Filter>
    </ClInclude>
    <ClInclude Include="IoServiceExPool.h">
      <Filter>Header Files</Filter>
    </ClInclude>
    <ClInclude Include="IoSocketEx.h">
      <Filter>Header Files</Filter>
    </ClInclude>
    <ClInclude Include="IoSocketExManager.h">
      <Filter>Header Files</Filter>
    </ClInclude>
    <ClInclude Include="EventWorkerEx.h">
      <Filter>Header Files</Filter>
    </ClInclude>
    <ClInclude Include="EventWorkerExPool.h">
      <Filter>Header Files</Filter>
    </ClInclude>
    <ClInclude Include="BasicServerEx.h">
      <Filter>Header Files</Filter>
    </ClInclude>
    <ClInclude Include="ConnectorEx.h">
      <Filter>Header Files</Filter>
    </ClInclude>
    <ClInclude Include="AdvanceServerEx.h">
      <Filter>Header Files</Filter>
    </ClInclude>
    <ClInclude Include="IoAdvSocketEx.h">
      <Filter>Header Files</Filter>
    </ClInclude>
    <ClInclude Include="OverlappedPoolEx.h">
      <Filter>Header Files</Filter>
    </ClInclude>
    <ClInclude Include="IEventEx.h">
      <Filter>Header Files</Filter>
    </ClInclude>
  </ItemGroup>
  <ItemGroup>
    <Text Include="ReadMe.txt" />
  </ItemGroup>
</Project>